
Microsoft Visual Studio Solution File, Format Version 12.00
# Visual Studio Version 17
VisualStudioVersion = 17.5.002.0
MinimumVisualStudioVersion = 10.0.40219.1
Project("{9A19103F-16F7-4668-BE54-9A1E7A4F7556}") = "KafkaConsumer", "KafkaConsumer.csproj", "{B26FC2EA-84F3-4B87-91A2-2F3A627B9424}"
EndProject
Project("{FAE04EC0-301F-11D3-BF4B-00C04F79EFBC}") = "KafkaConsumer.Tests", "..\KafkaConsumer.Tests\KafkaConsumer.Tests.csproj", "{54ED0545-BDDC-4EAF-A328-27B9F81C1FC4}"
EndProject
Global
	GlobalSection(SolutionConfigurationPlatforms) = preSolution
		Debug|Any CPU = Debug|Any CPU
		Release|Any CPU = Release|Any CPU
	EndGlobalSection
	GlobalSection(ProjectConfigurationPlatforms) = postSolution
		{B26FC2EA-84F3-4B87-91A2-2F3A627B9424}.Debug|Any CPU.ActiveCfg = Debug|Any CPU
		{B26FC2EA-84F3-4B87-91A2-2F3A627B9424}.Debug|Any CPU.Build.0 = Debug|Any CPU
		{B26FC2EA-84F3-4B87-91A2-2F3A627B9424}.Release|Any CPU.ActiveCfg = Release|Any CPU
		{B26FC2EA-84F3-4B87-91A2-2F3A627B9424}.Release|Any CPU.Build.0 = Release|Any CPU
		{54ED0545-BDDC-4EAF-A328-27B9F81C1FC4}.Debug|Any CPU.ActiveCfg = Debug|Any CPU
		{54ED0545-BDDC-4EAF-A328-27B9F81C1FC4}.Debug|Any CPU.Build.0 = Debug|Any CPU
		{54ED0545-BDDC-4EAF-A328-27B9F81C1FC4}.Release|Any CPU.ActiveCfg = Release|Any CPU
		{54ED0545-BDDC-4EAF-A328-27B9F81C1FC4}.Release|Any CPU.Build.0 = Release|Any CPU
	EndGlobalSection
	GlobalSection(SolutionProperties) = preSolution
		HideSolutionNode = FALSE
	EndGlobalSection
	GlobalSection(ExtensibilityGlobals) = postSolution
		SolutionGuid = {8D39AC42-F612-48DC-8768-9CAC355CBFF2}
	EndGlobalSection
EndGlobal
